
Microsoft Visual Studio Solution File, Format Version 12.00
# Visual Studio Version 17
VisualStudioVersion = 17.3.32819.101
MinimumVisualStudioVersion = 10.0.40219.1
Project("{8BC9CEB8-8B4A-11D0-8D11-00A0C91BC942}") = "Traffic-Simulator", "Traffic-Simulator.vcxproj", "{C3E67213-C979-4F5E-BCDE-C0EDB9B57DD9}"
EndProject
Global
	GlobalSection(SolutionConfigurationPlatforms) = preSolution
		Debug|x64 = Debug|x64
		Debug|x86 = Debug|x86
		Release|x64 = Release|x64
		Release|x86 = Release|x86
	EndGlobalSection
	GlobalSection(ProjectConfigurationPlatforms) = postSolution
		{C3E67213-C979-4F5E-BCDE-C0EDB9B57DD9}.Debug|x64.ActiveCfg = Debug|x64
		{C3E67213-C979-4F5E-BCDE-C0EDB9B57DD9}.Debug|x64.Build.0 = Debug|x64
		{C3E67213-C979-4F5E-BCDE-C0EDB9B57DD9}.Debug|x86.ActiveCfg = Debug|Win32
		{C3E67213-C979-4F5E-BCDE-C0EDB9B57DD9}.Debug|x86.Build.0 = Debug|Win32
		{C3E67213-C979-4F5E-BCDE-C0EDB9B57DD9}.Release|x64.ActiveCfg = Release|x64
		{C3E67213-C979-4F5E-BCDE-C0EDB9B57DD9}.Release|x64.Build.0 = Release|x64
		{C3E67213-C979-4F5E-BCDE-C0EDB9B57DD9}.Release|x86.ActiveCfg = Release|Win32
		{C3E67213-C979-4F5E-BCDE-C0EDB9B57DD9}.Release|x86.Build.0 = Release|Win32
	EndGlobalSection
	GlobalSection(SolutionProperties) = preSolution
		HideSolutionNode = FALSE
	EndGlobalSection
	GlobalSection(ExtensibilityGlobals) = postSolution
		SolutionGuid = {9999A12E-2B35-4B03-9B9E-F5E0C39CCF2B}
	EndGlobalSection
EndGlobal
